
Microsoft Visual Studio Solution File, Format Version 12.00
# Visual Studio Version 16
VisualStudioVersion = 16.0.34601.136
MinimumVisualStudioVersion = 10.0.40219.1
Project("{FAE04EC0-301F-11D3-BF4B-00C04F79EFBC}") = "HostMaster", "Quickyyyyy\HostMaster.csproj", "{71ACE4A8-50AF-40F3-9C1A-CCA507BCCC3C}"
EndProject
Global
	GlobalSection(SolutionConfigurationPlatforms) = preSolution
		Debug|Any CPU = Debug|Any CPU
		Release|Any CPU = Release|Any CPU
	EndGlobalSection
	GlobalSection(ProjectConfigurationPlatforms) = postSolution
		{71ACE4A8-50AF-40F3-9C1A-CCA507BCCC3C}.Debug|Any CPU.ActiveCfg = Debug|Any CPU
		{71ACE4A8-50AF-40F3-9C1A-CCA507BCCC3C}.Debug|Any CPU.Build.0 = Debug|Any CPU
		{71ACE4A8-50AF-40F3-9C1A-CCA507BCCC3C}.Release|Any CPU.ActiveCfg = Release|Any CPU
		{71ACE4A8-50AF-40F3-9C1A-CCA507BCCC3C}.Release|Any CPU.Build.0 = Release|Any CPU
	EndGlobalSection
	GlobalSection(SolutionProperties) = preSolution
		HideSolutionNode = FALSE
	EndGlobalSection
	GlobalSection(ExtensibilityGlobals) = postSolution
		SolutionGuid = {64F39901-7FC6-4EA1-AFF8-8366DFC8A405}
	EndGlobalSection
EndGlobal
